
Microsoft Visual Studio Solution File, Format Version 12.00
# Visual Studio Version 16
VisualStudioVersion = 16.0.30225.117
MinimumVisualStudioVersion = 10.0.40219.1
Project("{9A19103F-16F7-4668-BE54-9A1E7A4F7556}") = "SP_Dyagilev", "SP_Dyagilev.csproj", "{CED75A3B-76F9-4D12-833F-F8E6002E333A}"
EndProject
Project("{9A19103F-16F7-4668-BE54-9A1E7A4F7556}") = "Logic", "..\Logic\Logic.csproj", "{D497CDC6-DCFF-49E2-A8D4-772480FF2210}"
EndProject
Global
	GlobalSection(SolutionConfigurationPlatforms) = preSolution
		Debug|Any CPU = Debug|Any CPU
		Release|Any CPU = Release|Any CPU
	EndGlobalSection
	GlobalSection(ProjectConfigurationPlatforms) = postSolution
		{CED75A3B-76F9-4D12-833F-F8E6002E333A}.Debug|Any CPU.ActiveCfg = Debug|Any CPU
		{CED75A3B-76F9-4D12-833F-F8E6002E333A}.Debug|Any CPU.Build.0 = Debug|Any CPU
		{CED75A3B-76F9-4D12-833F-F8E6002E333A}.Release|Any CPU.ActiveCfg = Release|Any CPU
		{CED75A3B-76F9-4D12-833F-F8E6002E333A}.Release|Any CPU.Build.0 = Release|Any CPU
		{D497CDC6-DCFF-49E2-A8D4-772480FF2210}.Debug|Any CPU.ActiveCfg = Debug|Any CPU
		{D497CDC6-DCFF-49E2-A8D4-772480FF2210}.Debug|Any CPU.Build.0 = Debug|Any CPU
		{D497CDC6-DCFF-49E2-A8D4-772480FF2210}.Release|Any CPU.ActiveCfg = Release|Any CPU
		{D497CDC6-DCFF-49E2-A8D4-772480FF2210}.Release|Any CPU.Build.0 = Release|Any CPU
	EndGlobalSection
	GlobalSection(SolutionProperties) = preSolution
		HideSolutionNode = FALSE
	EndGlobalSection
	GlobalSection(ExtensibilityGlobals) = postSolution
		SolutionGuid = {48A6EBF3-30D4-4E71-97FF-B506C19EF28E}
	EndGlobalSection
EndGlobal
